
Microsoft Visual Studio Solution File, Format Version 12.00
# Visual Studio 2012
Project("{FAE04EC0-301F-11D3-BF4B-00C04F79EFBC}") = "SRA", "SRA.csproj", "{1E34734E-18E0-4770-8500-B72A305DEFAC}"
EndProject
Global
	GlobalSection(SolutionConfigurationPlatforms) = preSolution
		Debug|Any CPU = Debug|Any CPU
		Release|Any CPU = Release|Any CPU
	EndGlobalSection
	GlobalSection(ProjectConfigurationPlatforms) = postSolution
		{1E34734E-18E0-4770-8500-B72A305DEFAC}.Debug|Any CPU.ActiveCfg = Debug|Any CPU
		{1E34734E-18E0-4770-8500-B72A305DEFAC}.Debug|Any CPU.Build.0 = Debug|Any CPU
		{1E34734E-18E0-4770-8500-B72A305DEFAC}.Release|Any CPU.ActiveCfg = Release|Any CPU
		{1E34734E-18E0-4770-8500-B72A305DEFAC}.Release|Any CPU.Build.0 = Release|Any CPU
	EndGlobalSection
	GlobalSection(SolutionProperties) = preSolution
		HideSolutionNode = FALSE
	EndGlobalSection
EndGlobal
